
Microsoft Visual Studio Solution File, Format Version 12.00
# Visual Studio Version 17
VisualStudioVersion = 17.5.33516.290
MinimumVisualStudioVersion = 10.0.40219.1
Project("{FAE04EC0-301F-11D3-BF4B-00C04F79EFBC}") = "LINQ gyak", "LINQ gyak\LINQ gyak.csproj", "{CE195D6F-665B-421E-932C-F968312E05FA}"
EndProject
Global
	GlobalSection(SolutionConfigurationPlatforms) = preSolution
		Debug|Any CPU = Debug|Any CPU
		Release|Any CPU = Release|Any CPU
	EndGlobalSection
	GlobalSection(ProjectConfigurationPlatforms) = postSolution
		{CE195D6F-665B-421E-932C-F968312E05FA}.Debug|Any CPU.ActiveCfg = Debug|Any CPU
		{CE195D6F-665B-421E-932C-F968312E05FA}.Debug|Any CPU.Build.0 = Debug|Any CPU
		{CE195D6F-665B-421E-932C-F968312E05FA}.Release|Any CPU.ActiveCfg = Release|Any CPU
		{CE195D6F-665B-421E-932C-F968312E05FA}.Release|Any CPU.Build.0 = Release|Any CPU
	EndGlobalSection
	GlobalSection(SolutionProperties) = preSolution
		HideSolutionNode = FALSE
	EndGlobalSection
	GlobalSection(ExtensibilityGlobals) = postSolution
		SolutionGuid = {4BE1CCA7-F87A-45DA-88A9-3CE8D36A58B4}
	EndGlobalSection
EndGlobal
